# THIS IS AN AUTOGENERATED FILE. DO NOT EDIT THIS FILE DIRECTLY.
# yarn lockfile v1


vuetify@2.0.7:
  version "2.0.7"
  resolved "https://registry.yarnpkg.com/vuetify/-/vuetify-2.0.7.tgz#a5985aca904c147e2febe4ca14e9c7ed26c4f011"
  integrity sha512-dnW6VowHOXaq6cxYjn6RXcTWVCJnWh3ajh4e4pP84grb4Smebka6yUQSG8rSalPyFzkPeNGuXrXWVsbTAIqv7w==
